
Microsoft Visual Studio Solution File, Format Version 12.00
# Visual Studio 15
VisualStudioVersion = 15.0.27703.2000
MinimumVisualStudioVersion = 10.0.40219.1
Project("{FAE04EC0-301F-11D3-BF4B-00C04F79EFBC}") = "Vidly", "Vidly\Vidly.csproj", "{92F6CF5B-D81A-4B72-8DCA-8D08EEB961E0}"
EndProject
Global
	GlobalSection(SolutionConfigurationPlatforms) = preSolution
		Debug|Any CPU = Debug|Any CPU
		Release|Any CPU = Release|Any CPU
	EndGlobalSection
	GlobalSection(ProjectConfigurationPlatforms) = postSolution
		{92F6CF5B-D81A-4B72-8DCA-8D08EEB961E0}.Debug|Any CPU.ActiveCfg = Debug|Any CPU
		{92F6CF5B-D81A-4B72-8DCA-8D08EEB961E0}.Debug|Any CPU.Build.0 = Debug|Any CPU
		{92F6CF5B-D81A-4B72-8DCA-8D08EEB961E0}.Release|Any CPU.ActiveCfg = Release|Any CPU
		{92F6CF5B-D81A-4B72-8DCA-8D08EEB961E0}.Release|Any CPU.Build.0 = Release|Any CPU
	EndGlobalSection
	GlobalSection(SolutionProperties) = preSolution
		HideSolutionNode = FALSE
	EndGlobalSection
	GlobalSection(ExtensibilityGlobals) = postSolution
		SolutionGuid = {F9733B10-3B00-4E96-8F24-26329B57553F}
	EndGlobalSection
EndGlobal
